{
  "requires": true,
  "lockfileVersion": 1,
  "dependencies": {
    "call-bind": {
      "version": "1.0.7",
      "resolved": "https://registry.npmjs.org/call-bind/-/call-bind-1.0.7.tgz",
      "integrity": "sha512-GHTSNSYICQ7scH7sZ+M2rFopRoLh8t2bLSW6BbgrtLsahOIB5iyAVJf9GjWK3cYTDaMj4XdBpM1cA6pIS0Kv2w==",
      "requires": {
        "es-define-property": "^1.0.0",
        "es-errors": "^1.3.0",
        "function-bind": "^1.1.2",
        "get-intrinsic": "^1.2.4",
        "set-function-length": "^1.2.1"
      }
    },
    "decode-uri-component": {
      "version": "0.2.2",
      "resolved": "https://registry.npmjs.org/decode-uri-component/-/decode-uri-component-0.2.2.tgz",
      "integrity": "sha512-FqUYQ+8o158GyGTrMFJms9qh3CqTKvAqgqsTnkLI8sKu0028orqBhxNMFkFen0zGyg6epACD32pjVk58ngIErQ=="
    },
    "define-data-property": {
      "version": "1.1.4",
      "resolved": "https://registry.npmjs.org/define-data-property/-/define-data-property-1.1.4.tgz",
      "integrity": "sha512-rBMvIzlpA8v6E+SJZoo++HAYqsLrkg7MSfIinMPFhmkorw7X+dOXVJQs+QT69zGkzMyfDnIMN2Wid1+NbL3T+A==",
      "requires": {
        "es-define-property": "^1.0.0",
        "es-errors": "^1.3.0",
        "gopd": "^1.0.1"
      }
    },
    "es-define-property": {
      "version": "1.0.0",
      "resolved": "https://registry.npmjs.org/es-define-property/-/es-define-property-1.0.0.tgz",
      "integrity": "sha512-jxayLKShrEqqzJ0eumQbVhTYQM27CfT1T35+gCgDFoL82JLsXqTJ76zv6A0YLOgEnLUMvLzsDsGIrl8NFpT2gQ==",
      "requires": {
        "get-intrinsic": "^1.2.4"
      }
    },
    "es-errors": {
      "version": "1.3.0",
      "resolved": "https://registry.npmjs.org/es-errors/-/es-errors-1.3.0.tgz",
      "integrity": "sha512-Zf5H2Kxt2xjTvbJvP2ZWLEICxA6j+hAmMzIlypy4xcBg1vKVnx89Wy0GbS+kf5cwCVFFzdCFh2XSCFNULS6csw=="
    },
    "filter-obj": {
      "version": "1.1.0",
      "resolved": "https://registry.npmjs.org/filter-obj/-/filter-obj-1.1.0.tgz",
      "integrity": "sha512-8rXg1ZnX7xzy2NGDVkBVaAy+lSlPNwad13BtgSlLuxfIslyt5Vg64U7tFcCt4WS1R0hvtnQybT/IyCkGZ3DpXQ=="
    },
    "function-bind": {
      "version": "1.1.2",
      "resolved": "https://registry.npmjs.org/function-bind/-/function-bind-1.1.2.tgz",
      "integrity": "sha512-7XHNxH7qX9xG5mIwxkhumTox/MIRNcOgDrxWsMt2pAr23WHp6MrRlN7FBSFpCpr+oVO0F744iUgR82nJMfG2SA=="
    },
    "get-intrinsic": {
      "version": "1.2.4",
      "resolved": "https://registry.npmjs.org/get-intrinsic/-/get-intrinsic-1.2.4.tgz",
      "integrity": "sha512-5uYhsJH8VJBTv7oslg4BznJYhDoRI6waYCxMmCdnTrcCrHA/fCFKoTFz2JKKE0HdDFUF7/oQuhzumXJK7paBRQ==",
      "requires": {
        "es-errors": "^1.3.0",
        "function-bind": "^1.1.2",
        "has-proto": "^1.0.1",
        "has-symbols": "^1.0.3",
        "hasown": "^2.0.0"
      }
    },
    "gopd": {
      "version": "1.0.1",
      "resolved": "https://registry.npmjs.org/gopd/-/gopd-1.0.1.tgz",
      "integrity": "sha512-d65bNlIadxvpb/A2abVdlqKqV563juRnZ1Wtk6s1sIR8uNsXR70xqIzVqxVf1eTqDunwT2MkczEeaezCKTZhwA==",
      "requires": {
        "get-intrinsic": "^1.1.3"
      }
    },
    "has-property-descriptors": {
      "version": "1.0.2",
      "resolved": "https://registry.npmjs.org/has-property-descriptors/-/has-property-descriptors-1.0.2.tgz",
      "integrity": "sha512-55JNKuIW+vq4Ke1BjOTjM2YctQIvCT7GFzHwmfZPGo5wnrgkid0YQtnAleFSqumZm4az3n2BS+erby5ipJdgrg==",
      "requires": {
        "es-define-property": "^1.0.0"
      }
    },
    "has-proto": {
      "version": "1.0.1",
      "resolved": "https://registry.npmjs.org/has-proto/-/has-proto-1.0.1.tgz",
      "integrity": "sha512-7qE+iP+O+bgF9clE5+UoBFzE65mlBiVj3tKCrlNQ0Ogwm0BjpT/gK4SlLYDMybDh5I3TCTKnPPa0oMG7JDYrhg=="
    },
    "has-symbols": {
      "version": "1.0.3",
      "resolved": "https://registry.npmjs.org/has-symbols/-/has-symbols-1.0.3.tgz",
      "integrity": "sha512-l3LCuF6MgDNwTDKkdYGEihYjt5pRPbEg46rtlmnSPlUbgmB8LOIrKJbYYFBSbnPaJexMKtiPO8hmeRjRz2Td+A=="
    },
    "hasown": {
      "version": "2.0.1",
      "resolved": "https://registry.npmjs.org/hasown/-/hasown-2.0.1.tgz",
      "integrity": "sha512-1/th4MHjnwncwXsIW6QMzlvYL9kG5e/CpVvLRZe4XPa8TOUNbCELqmvhDmnkNsAjwaG4+I8gJJL0JBvTTLO9qA==",
      "requires": {
        "function-bind": "^1.1.2"
      }
    },
    "is-ssh": {
      "version": "1.4.0",
      "resolved": "https://registry.npmjs.org/is-ssh/-/is-ssh-1.4.0.tgz",
      "integrity": "sha512-x7+VxdxOdlV3CYpjvRLBv5Lo9OJerlYanjwFrPR9fuGPjCiNiCzFgAWpiLAohSbsnH4ZAys3SBh+hq5rJosxUQ==",
      "requires": {
        "protocols": "^2.0.1"
      },
      "dependencies": {
        "protocols": {
          "version": "2.0.1",
          "resolved": "https://registry.npmjs.org/protocols/-/protocols-2.0.1.tgz",
          "integrity": "sha512-/XJ368cyBJ7fzLMwLKv1e4vLxOju2MNAIokcr7meSaNcVbWz/CPcW22cP04mwxOErdA5mwjA8Q6w/cdAQxVn7Q=="
        }
      }
    },
    "normalize-url": {
      "version": "3.3.0",
      "resolved": "https://registry.npmjs.org/normalize-url/-/normalize-url-3.3.0.tgz",
      "integrity": "sha512-U+JJi7duF1o+u2pynbp2zXDW2/PADgC30f0GsHZtRh+HOcXHnw137TrNlyxxRvWW5fjKd3bcLHPxofWuCjaeZg=="
    },
    "object-inspect": {
      "version": "1.13.1",
      "resolved": "https://registry.npmjs.org/object-inspect/-/object-inspect-1.13.1.tgz",
      "integrity": "sha512-5qoj1RUiKOMsCCNLV1CBiPYE10sziTsnmNxkAI/rZhiD63CF7IqdFGC/XzjWjpSgLf0LxXX3bDFIh0E18f6UhQ=="
    },
    "parse-path": {
      "version": "4.0.4",
      "resolved": "https://registry.npmjs.org/parse-path/-/parse-path-4.0.4.tgz",
      "integrity": "sha512-Z2lWUis7jlmXC1jeOG9giRO2+FsuyNipeQ43HAjqAZjwSe3SEf+q/84FGPHoso3kyntbxa4c4i77t3m6fGf8cw==",
      "requires": {
        "is-ssh": "^1.3.0",
        "protocols": "^1.4.0",
        "qs": "^6.9.4",
        "query-string": "^6.13.8"
      }
    },
    "parse-url": {
      "version": "5.0.2",
      "resolved": "https://registry.npmjs.org/parse-url/-/parse-url-5.0.2.tgz",
      "integrity": "sha512-Czj+GIit4cdWtxo3ISZCvLiUjErSo0iI3wJ+q9Oi3QuMYTI6OZu+7cewMWZ+C1YAnKhYTk6/TLuhIgCypLthPA==",
      "requires": {
        "is-ssh": "^1.3.0",
        "normalize-url": "^3.3.0",
        "parse-path": "^4.0.0",
        "protocols": "^1.4.0"
      }
    },
    "protocols": {
      "version": "1.4.8",
      "resolved": "https://registry.npmjs.org/protocols/-/protocols-1.4.8.tgz",
      "integrity": "sha512-IgjKyaUSjsROSO8/D49Ab7hP8mJgTYcqApOqdPhLoPxAplXmkp+zRvsrSQjFn5by0rhm4VH0GAUELIPpx7B1yg=="
    },
    "qs": {
      "version": "6.11.2",
      "resolved": "https://registry.npmjs.org/qs/-/qs-6.11.2.tgz",
      "integrity": "sha512-tDNIz22aBzCDxLtVH++VnTfzxlfeK5CbqohpSqpJgj1Wg/cQbStNAz3NuqCs5vV+pjBsK4x4pN9HlVh7rcYRiA==",
      "requires": {
        "side-channel": "^1.0.4"
      }
    },
    "query-string": {
      "version": "6.14.1",
      "resolved": "https://registry.npmjs.org/query-string/-/query-string-6.14.1.tgz",
      "integrity": "sha512-XDxAeVmpfu1/6IjyT/gXHOl+S0vQ9owggJ30hhWKdHAsNPOcasn5o9BW0eejZqL2e4vMjhAxoW3jVHcD6mbcYw==",
      "requires": {
        "decode-uri-component": "^0.2.0",
        "filter-obj": "^1.1.0",
        "split-on-first": "^1.0.0",
        "strict-uri-encode": "^2.0.0"
      }
    },
    "set-function-length": {
      "version": "1.2.1",
      "resolved": "https://registry.npmjs.org/set-function-length/-/set-function-length-1.2.1.tgz",
      "integrity": "sha512-j4t6ccc+VsKwYHso+kElc5neZpjtq9EnRICFZtWyBsLojhmeF/ZBd/elqm22WJh/BziDe/SBiOeAt0m2mfLD0g==",
      "requires": {
        "define-data-property": "^1.1.2",
        "es-errors": "^1.3.0",
        "function-bind": "^1.1.2",
        "get-intrinsic": "^1.2.3",
        "gopd": "^1.0.1",
        "has-property-descriptors": "^1.0.1"
      }
    },
    "side-channel": {
      "version": "1.0.5",
      "resolved": "https://registry.npmjs.org/side-channel/-/side-channel-1.0.5.tgz",
      "integrity": "sha512-QcgiIWV4WV7qWExbN5llt6frQB/lBven9pqliLXfGPB+K9ZYXxDozp0wLkHS24kWCm+6YXH/f0HhnObZnZOBnQ==",
      "requires": {
        "call-bind": "^1.0.6",
        "es-errors": "^1.3.0",
        "get-intrinsic": "^1.2.4",
        "object-inspect": "^1.13.1"
      }
    },
    "split-on-first": {
      "version": "1.1.0",
      "resolved": "https://registry.npmjs.org/split-on-first/-/split-on-first-1.1.0.tgz",
      "integrity": "sha512-43ZssAJaMusuKWL8sKUBQXHWOpq8d6CfN/u1p4gUzfJkM05C8rxTmYrkIPTXapZpORA6LkkzcUulJ8FqA7Uudw=="
    },
    "strict-uri-encode": {
      "version": "2.0.0",
      "resolved": "https://registry.npmjs.org/strict-uri-encode/-/strict-uri-encode-2.0.0.tgz",
      "integrity": "sha512-QwiXZgpRcKkhTj2Scnn++4PKtWsH0kpzZ62L2R6c/LUVYv7hVnZqcg2+sMuT6R7Jusu1vviK/MFsu6kNJfWlEQ=="
    }
  }
}
